// !$*UTF8*$!
{
	archiveVersion = 1;
	classes = {
	};
	objectVersion = 46;
	objects = {

/* Begin PBXBuildFile section */
		BA7D5AC71913155800E44D00 /* NTBTask.m in Sources */ = {isa = PBXBuildFile; fileRef = BA7D5AC61913155800E44D00 /* NTBTask.m */; };
		BA7D5ACB1913158A00E44D00 /* XCTestCase+AsyncTesting.m in Sources */ = {isa = PBXBuildFile; fileRef = BA7D5AC91913158A00E44D00 /* XCTestCase+AsyncTesting.m */; };
		BA7D5ACC1913158A00E44D00 /* NTBTask_Tests.m in Sources */ = {isa = PBXBuildFile; fileRef = BA7D5ACA1913158A00E44D00 /* NTBTask_Tests.m */; };
		BAFE7F591912DD20006184FF /* XCTest.framework in Frameworks */ = {isa = PBXBuildFile; fileRef = BAFE7F581912DD20006184FF /* XCTest.framework */; };
		BAFE7F5F1912DD20006184FF /* InfoPlist.strings in Resources */ = {isa = PBXBuildFile; fileRef = BAFE7F5D1912DD20006184FF /* InfoPlist.strings */; };
/* End PBXBuildFile section */

/* Begin PBXFileReference section */
		BA7D5AC51913155800E44D00 /* NTBTask.h */ = {isa = PBXFileReference; fileEncoding = 4; lastKnownFileType = sourcecode.c.h; path = NTBTask.h; sourceTree = "<group>"; };
		BA7D5AC61913155800E44D00 /* NTBTask.m */ = {isa = PBXFileReference; fileEncoding = 4; lastKnownFileType = sourcecode.c.objc; path = NTBTask.m; sourceTree = "<group>"; };
		BA7D5AC81913158A00E44D00 /* XCTestCase+AsyncTesting.h */ = {isa = PBXFileReference; fileEncoding = 4; lastKnownFileType = sourcecode.c.h; path = "XCTestCase+AsyncTesting.h"; sourceTree = "<group>"; };
		BA7D5AC91913158A00E44D00 /* XCTestCase+AsyncTesting.m */ = {isa = PBXFileReference; fileEncoding = 4; lastKnownFileType = sourcecode.c.objc; path = "XCTestCase+AsyncTesting.m"; sourceTree = "<group>"; };
		BA7D5ACA1913158A00E44D00 /* NTBTask_Tests.m */ = {isa = PBXFileReference; fileEncoding = 4; lastKnownFileType = sourcecode.c.objc; path = NTBTask_Tests.m; sourceTree = "<group>"; };
		BAFE7F551912DD20006184FF /* NTBTask Tests.xctest */ = {isa = PBXFileReference; explicitFileType = wrapper.cfbundle; includeInIndex = 0; path = "NTBTask Tests.xctest"; sourceTree = BUILT_PRODUCTS_DIR; };
		BAFE7F581912DD20006184FF /* XCTest.framework */ = {isa = PBXFileReference; lastKnownFileType = wrapper.framework; name = XCTest.framework; path = Library/Frameworks/XCTest.framework; sourceTree = DEVELOPER_DIR; };
		BAFE7F5C1912DD20006184FF /* NTBTask Tests-Info.plist */ = {isa = PBXFileReference; lastKnownFileType = text.plist.xml; path = "NTBTask Tests-Info.plist"; sourceTree = "<group>"; };
		BAFE7F5E1912DD20006184FF /* en */ = {isa = PBXFileReference; lastKnownFileType = text.plist.strings; name = en; path = en.lproj/InfoPlist.strings; sourceTree = "<group>"; };
		BAFE7F621912DD20006184FF /* NTBTask Tests-Prefix.pch */ = {isa = PBXFileReference; lastKnownFileType = sourcecode.c.h; path = "NTBTask Tests-Prefix.pch"; sourceTree = "<group>"; };
/* End PBXFileReference section */

/* Begin PBXFrameworksBuildPhase section */
		BAFE7F521912DD20006184FF /* Frameworks */ = {
			isa = PBXFrameworksBuildPhase;
			buildActionMask = 2147483647;
			files = (
				BAFE7F591912DD20006184FF /* XCTest.framework in Frameworks */,
			);
			runOnlyForDeploymentPostprocessing = 0;
		};
/* End PBXFrameworksBuildPhase section */

/* Begin PBXGroup section */
		BAA9232D1912C75600342959 = {
			isa = PBXGroup;
			children = (
				BA7D5AC51913155800E44D00 /* NTBTask.h */,
				BA7D5AC61913155800E44D00 /* NTBTask.m */,
				BAFE7F5A1912DD20006184FF /* NTBTask Tests */,
				BAFE7F571912DD20006184FF /* Frameworks */,
				BAFE7F561912DD20006184FF /* Products */,
			);
			sourceTree = "<group>";
		};
		BAFE7F561912DD20006184FF /* Products */ = {
			isa = PBXGroup;
			children = (
				BAFE7F551912DD20006184FF /* NTBTask Tests.xctest */,
			);
			name = Products;
			sourceTree = "<group>";
		};
		BAFE7F571912DD20006184FF /* Frameworks */ = {
			isa = PBXGroup;
			children = (
				BAFE7F581912DD20006184FF /* XCTest.framework */,
			);
			name = Frameworks;
			sourceTree = "<group>";
		};
		BAFE7F5A1912DD20006184FF /* NTBTask Tests */ = {
			isa = PBXGroup;
			children = (
				BA7D5AC81913158A00E44D00 /* XCTestCase+AsyncTesting.h */,
				BA7D5AC91913158A00E44D00 /* XCTestCase+AsyncTesting.m */,
				BA7D5ACA1913158A00E44D00 /* NTBTask_Tests.m */,
				BAFE7F5B1912DD20006184FF /* Supporting Files */,
			);
			path = "NTBTask Tests";
			sourceTree = "<group>";
		};
		BAFE7F5B1912DD20006184FF /* Supporting Files */ = {
			isa = PBXGroup;
			children = (
				BAFE7F5C1912DD20006184FF /* NTBTask Tests-Info.plist */,
				BAFE7F5D1912DD20006184FF /* InfoPlist.strings */,
				BAFE7F621912DD20006184FF /* NTBTask Tests-Prefix.pch */,
			);
			name = "Supporting Files";
			sourceTree = "<group>";
		};
/* End PBXGroup section */

/* Begin PBXNativeTarget section */
		BAFE7F541912DD20006184FF /* NTBTask Tests */ = {
			isa = PBXNativeTarget;
			buildConfigurationList = BAFE7F651912DD20006184FF /* Build configuration list for PBXNativeTarget "NTBTask Tests" */;
			buildPhases = (
				BAFE7F511912DD20006184FF /* Sources */,
				BAFE7F521912DD20006184FF /* Frameworks */,
				BAFE7F531912DD20006184FF /* Resources */,
			);
			buildRules = (
			);
			dependencies = (
			);
			name = "NTBTask Tests";
			productName = "NTBTask Tests";
			productReference = BAFE7F551912DD20006184FF /* NTBTask Tests.xctest */;
			productType = "com.apple.product-type.bundle.unit-test";
		};
/* End PBXNativeTarget section */

/* Begin PBXProject section */
		BAA9232E1912C75600342959 /* Project object */ = {
			isa = PBXProject;
			attributes = {
				LastUpgradeCheck = 0510;
			};
			buildConfigurationList = BAA923311912C75600342959 /* Build configuration list for PBXProject "NTBTask" */;
			compatibilityVersion = "Xcode 3.2";
			developmentRegion = English;
			hasScannedForEncodings = 0;
			knownRegions = (
				en,
			);
			mainGroup = BAA9232D1912C75600342959;
			productRefGroup = BAFE7F561912DD20006184FF /* Products */;
			projectDirPath = "";
			projectRoot = "";
			targets = (
				BAFE7F541912DD20006184FF /* NTBTask Tests */,
			);
		};
/* End PBXProject section */

/* Begin PBXResourcesBuildPhase section */
		BAFE7F531912DD20006184FF /* Resources */ = {
			isa = PBXResourcesBuildPhase;
			buildActionMask = 2147483647;
			files = (
				BAFE7F5F1912DD20006184FF /* InfoPlist.strings in Resources */,
			);
			runOnlyForDeploymentPostprocessing = 0;
		};
/* End PBXResourcesBuildPhase section */

/* Begin PBXSourcesBuildPhase section */
		BAFE7F511912DD20006184FF /* Sources */ = {
			isa = PBXSourcesBuildPhase;
			buildActionMask = 2147483647;
			files = (
				BA7D5ACB1913158A00E44D00 /* XCTestCase+AsyncTesting.m in Sources */,
				BA7D5AC71913155800E44D00 /* NTBTask.m in Sources */,
				BA7D5ACC1913158A00E44D00 /* NTBTask_Tests.m in Sources */,
			);
			runOnlyForDeploymentPostprocessing = 0;
		};
/* End PBXSourcesBuildPhase section */

/* Begin PBXVariantGroup section */
		BAFE7F5D1912DD20006184FF /* InfoPlist.strings */ = {
			isa = PBXVariantGroup;
			children = (
				BAFE7F5E1912DD20006184FF /* en */,
			);
			name = InfoPlist.strings;
			sourceTree = "<group>";
		};
/* End PBXVariantGroup section */

/* Begin XCBuildConfiguration section */
		BAA923321912C75600342959 /* Debug */ = {
			isa = XCBuildConfiguration;
			buildSettings = {
			};
			name = Debug;
		};
		BAA923331912C75600342959 /* Release */ = {
			isa = XCBuildConfiguration;
			buildSettings = {
			};
			name = Release;
		};
		BAFE7F631912DD20006184FF /* Debug */ = {
			isa = XCBuildConfiguration;
			buildSettings = {
				ALWAYS_SEARCH_USER_PATHS = NO;
				CLANG_CXX_LANGUAGE_STANDARD = "gnu++0x";
				CLANG_CXX_LIBRARY = "libc++";
				CLANG_ENABLE_MODULES = YES;
				CLANG_ENABLE_OBJC_ARC = YES;
				CLANG_WARN_BOOL_CONVERSION = YES;
				CLANG_WARN_CONSTANT_CONVERSION = YES;
				CLANG_WARN_DIRECT_OBJC_ISA_USAGE = YES_ERROR;
				CLANG_WARN_EMPTY_BODY = YES;
				CLANG_WARN_ENUM_CONVERSION = YES;
				CLANG_WARN_INT_CONVERSION = YES;
				CLANG_WARN_OBJC_ROOT_CLASS = YES_ERROR;
				CLANG_WARN__DUPLICATE_METHOD_MATCH = YES;
				COPY_PHASE_STRIP = NO;
				FRAMEWORK_SEARCH_PATHS = (
					"$(DEVELOPER_FRAMEWORKS_DIR)",
					"$(inherited)",
				);
				GCC_C_LANGUAGE_STANDARD = gnu99;
				GCC_DYNAMIC_NO_PIC = NO;
				GCC_ENABLE_OBJC_EXCEPTIONS = YES;
				GCC_OPTIMIZATION_LEVEL = 0;
				GCC_PRECOMPILE_PREFIX_HEADER = YES;
				GCC_PREFIX_HEADER = "NTBTask Tests/NTBTask Tests-Prefix.pch";
				GCC_PREPROCESSOR_DEFINITIONS = (
					"DEBUG=1",
					"$(inherited)",
				);
				GCC_SYMBOLS_PRIVATE_EXTERN = NO;
				GCC_WARN_64_TO_32_BIT_CONVERSION = YES;
				GCC_WARN_ABOUT_RETURN_TYPE = YES_ERROR;
				GCC_WARN_UNDECLARED_SELECTOR = YES;
				GCC_WARN_UNINITIALIZED_AUTOS = YES_AGGRESSIVE;
				GCC_WARN_UNUSED_FUNCTION = YES;
				GCC_WARN_UNUSED_VARIABLE = YES;
				INFOPLIST_FILE = "NTBTask Tests/NTBTask Tests-Info.plist";
				MACOSX_DEPLOYMENT_TARGET = 10.9;
				ONLY_ACTIVE_ARCH = YES;
				PRODUCT_NAME = "$(TARGET_NAME)";
				SDKROOT = macosx;
				WRAPPER_EXTENSION = xctest;
			};
			name = Debug;
		};
		BAFE7F641912DD20006184FF /* Release */ = {
			isa = XCBuildConfiguration;
			buildSettings = {
				ALWAYS_SEARCH_USER_PATHS = NO;
				CLANG_CXX_LANGUAGE_STANDARD = "gnu++0x";
				CLANG_CXX_LIBRARY = "libc++";
				CLANG_ENABLE_MODULES = YES;
				CLANG_ENABLE_OBJC_ARC = YES;
				CLANG_WARN_BOOL_CONVERSION = YES;
				CLANG_WARN_CONSTANT_CONVERSION = YES;
				CLANG_WARN_DIRECT_OBJC_ISA_USAGE = YES_ERROR;
				CLANG_WARN_EMPTY_BODY = YES;
				CLANG_WARN_ENUM_CONVERSION = YES;
				CLANG_WARN_INT_CONVERSION = YES;
				CLANG_WARN_OBJC_ROOT_CLASS = YES_ERROR;
				CLANG_WARN__DUPLICATE_METHOD_MATCH = YES;
				COPY_PHASE_STRIP = YES;
				DEBUG_INFORMATION_FORMAT = "dwarf-with-dsym";
				ENABLE_NS_ASSERTIONS = NO;
				FRAMEWORK_SEARCH_PATHS = (
					"$(DEVELOPER_FRAMEWORKS_DIR)",
					"$(inherited)",
				);
				GCC_C_LANGUAGE_STANDARD = gnu99;
				GCC_ENABLE_OBJC_EXCEPTIONS = YES;
				GCC_PRECOMPILE_PREFIX_HEADER = YES;
				GCC_PREFIX_HEADER = "NTBTask Tests/NTBTask Tests-Prefix.pch";
				GCC_WARN_64_TO_32_BIT_CONVERSION = YES;
				GCC_WARN_ABOUT_RETURN_TYPE = YES_ERROR;
				GCC_WARN_UNDECLARED_SELECTOR = YES;
				GCC_WARN_UNINITIALIZED_AUTOS = YES_AGGRESSIVE;
				GCC_WARN_UNUSED_FUNCTION = YES;
				GCC_WARN_UNUSED_VARIABLE = YES;
				INFOPLIST_FILE = "NTBTask Tests/NTBTask Tests-Info.plist";
				MACOSX_DEPLOYMENT_TARGET = 10.9;
				PRODUCT_NAME = "$(TARGET_NAME)";
				SDKROOT = macosx;
				WRAPPER_EXTENSION = xctest;
			};
			name = Release;
		};
/* End XCBuildConfiguration section */

/* Begin XCConfigurationList section */
		BAA923311912C75600342959 /* Build configuration list for PBXProject "NTBTask" */ = {
			isa = XCConfigurationList;
			buildConfigurations = (
				BAA923321912C75600342959 /* Debug */,
				BAA923331912C75600342959 /* Release */,
			);
			defaultConfigurationIsVisible = 0;
			defaultConfigurationName = Release;
		};
		BAFE7F651912DD20006184FF /* Build configuration list for PBXNativeTarget "NTBTask Tests" */ = {
			isa = XCConfigurationList;
			buildConfigurations = (
				BAFE7F631912DD20006184FF /* Debug */,
				BAFE7F641912DD20006184FF /* Release */,
			);
			defaultConfigurationIsVisible = 0;
			defaultConfigurationName = Release;
		};
/* End XCConfigurationList section */
	};
	rootObject = BAA9232E1912C75600342959 /* Project object */;
}
